
Microsoft Visual Studio Solution File, Format Version 12.00
# Visual Studio Version 17
VisualStudioVersion = 17.14.36811.4
MinimumVisualStudioVersion = 10.0.40219.1
Project("{FAE04EC0-301F-11D3-BF4B-00C04F79EFBC}") = "WebServer", "WebServer\WebServer.csproj", "{976C929A-727E-4981-B51D-74E8649D1450}"
EndProject
Project("{2150E333-8FDC-42A3-9474-1A3956D46DE8}") = "Элементы решения", "Элементы решения", "{754FC069-D67B-A9D7-50A1-8D1CA196D8F1}"
	ProjectSection(SolutionItems) = preProject
		Utils.cs = Utils.cs
	EndProjectSection
EndProject
Global
	GlobalSection(SolutionConfigurationPlatforms) = preSolution
		Debug|Any CPU = Debug|Any CPU
		Release|Any CPU = Release|Any CPU
	EndGlobalSection
	GlobalSection(ProjectConfigurationPlatforms) = postSolution
		{976C929A-727E-4981-B51D-74E8649D1450}.Debug|Any CPU.ActiveCfg = Debug|Any CPU
		{976C929A-727E-4981-B51D-74E8649D1450}.Debug|Any CPU.Build.0 = Debug|Any CPU
		{976C929A-727E-4981-B51D-74E8649D1450}.Release|Any CPU.ActiveCfg = Release|Any CPU
		{976C929A-727E-4981-B51D-74E8649D1450}.Release|Any CPU.Build.0 = Release|Any CPU
	EndGlobalSection
	GlobalSection(SolutionProperties) = preSolution
		HideSolutionNode = FALSE
	EndGlobalSection
	GlobalSection(ExtensibilityGlobals) = postSolution
		SolutionGuid = {DE7D6CCD-1ECF-4E7E-AA0E-182A69A455F6}
	EndGlobalSection
EndGlobal
